
Microsoft Visual Studio Solution File, Format Version 12.00
# Visual Studio Version 17
VisualStudioVersion = 17.1.32228.430
MinimumVisualStudioVersion = 10.0.40219.1
Project("{2150E333-8FDC-42A3-9474-1A3956D46DE8}") = "docs", "docs", "{9E8FF0B5-0A3B-4E39-A1BA-C730C4696078}"
	ProjectSection(SolutionItems) = preProject
		docs\Flowchart.png = docs\Flowchart.png
		docs\UseCases.png = docs\UseCases.png
	EndProjectSection
EndProject
Project("{2150E333-8FDC-42A3-9474-1A3956D46DE8}") = "src", "src", "{F6916F4E-D20E-4BDE-93A9-BBAD0FD42775}"
EndProject
Project("{2150E333-8FDC-42A3-9474-1A3956D46DE8}") = "tests", "tests", "{F0020F1B-A9A1-4D98-9FA9-5371E0C4FB5A}"
EndProject
Project("{FAE04EC0-301F-11D3-BF4B-00C04F79EFBC}") = "TddLoopVisualizer.Core", "src\TddLoopVisualizer.Core\TddLoopVisualizer.Core.csproj", "{47141638-2BFD-4CE9-B4B7-55D50C4E967B}"
EndProject
Project("{FAE04EC0-301F-11D3-BF4B-00C04F79EFBC}") = "TddLoopVisualizer_VisualStudioTestsExtensions", "src\TddLoopVisualizer_VisualStudioTestsExtensions\TddLoopVisualizer_VisualStudioTestsExtensions.csproj", "{96B075C3-2F45-41D4-A3F8-7FA892A87BD0}"
EndProject
Project("{FAE04EC0-301F-11D3-BF4B-00C04F79EFBC}") = "TddVisualiser.AcceptanceTests", "TddVisualiser.AcceptanceTests\TddVisualiser.AcceptanceTests.csproj", "{3A240A77-C3DB-4ECF-B509-606E13E148A0}"
EndProject
Global
	GlobalSection(SolutionConfigurationPlatforms) = preSolution
		Debug|Any CPU = Debug|Any CPU
		Debug|arm64 = Debug|arm64
		Debug|x86 = Debug|x86
		Release|Any CPU = Release|Any CPU
		Release|arm64 = Release|arm64
		Release|x86 = Release|x86
	EndGlobalSection
	GlobalSection(ProjectConfigurationPlatforms) = postSolution
		{47141638-2BFD-4CE9-B4B7-55D50C4E967B}.Debug|Any CPU.ActiveCfg = Debug|Any CPU
		{47141638-2BFD-4CE9-B4B7-55D50C4E967B}.Debug|Any CPU.Build.0 = Debug|Any CPU
		{47141638-2BFD-4CE9-B4B7-55D50C4E967B}.Debug|arm64.ActiveCfg = Debug|Any CPU
		{47141638-2BFD-4CE9-B4B7-55D50C4E967B}.Debug|arm64.Build.0 = Debug|Any CPU
		{47141638-2BFD-4CE9-B4B7-55D50C4E967B}.Debug|x86.ActiveCfg = Debug|Any CPU
		{47141638-2BFD-4CE9-B4B7-55D50C4E967B}.Debug|x86.Build.0 = Debug|Any CPU
		{47141638-2BFD-4CE9-B4B7-55D50C4E967B}.Release|Any CPU.ActiveCfg = Release|Any CPU
		{47141638-2BFD-4CE9-B4B7-55D50C4E967B}.Release|Any CPU.Build.0 = Release|Any CPU
		{47141638-2BFD-4CE9-B4B7-55D50C4E967B}.Release|arm64.ActiveCfg = Release|Any CPU
		{47141638-2BFD-4CE9-B4B7-55D50C4E967B}.Release|arm64.Build.0 = Release|Any CPU
		{47141638-2BFD-4CE9-B4B7-55D50C4E967B}.Release|x86.ActiveCfg = Release|Any CPU
		{47141638-2BFD-4CE9-B4B7-55D50C4E967B}.Release|x86.Build.0 = Release|Any CPU
		{96B075C3-2F45-41D4-A3F8-7FA892A87BD0}.Debug|Any CPU.ActiveCfg = Debug|Any CPU
		{96B075C3-2F45-41D4-A3F8-7FA892A87BD0}.Debug|Any CPU.Build.0 = Debug|Any CPU
		{96B075C3-2F45-41D4-A3F8-7FA892A87BD0}.Debug|arm64.ActiveCfg = Debug|arm64
		{96B075C3-2F45-41D4-A3F8-7FA892A87BD0}.Debug|arm64.Build.0 = Debug|arm64
		{96B075C3-2F45-41D4-A3F8-7FA892A87BD0}.Debug|x86.ActiveCfg = Debug|x86
		{96B075C3-2F45-41D4-A3F8-7FA892A87BD0}.Debug|x86.Build.0 = Debug|x86
		{96B075C3-2F45-41D4-A3F8-7FA892A87BD0}.Release|Any CPU.ActiveCfg = Release|Any CPU
		{96B075C3-2F45-41D4-A3F8-7FA892A87BD0}.Release|Any CPU.Build.0 = Release|Any CPU
		{96B075C3-2F45-41D4-A3F8-7FA892A87BD0}.Release|arm64.ActiveCfg = Release|arm64
		{96B075C3-2F45-41D4-A3F8-7FA892A87BD0}.Release|arm64.Build.0 = Release|arm64
		{96B075C3-2F45-41D4-A3F8-7FA892A87BD0}.Release|x86.ActiveCfg = Release|x86
		{96B075C3-2F45-41D4-A3F8-7FA892A87BD0}.Release|x86.Build.0 = Release|x86
		{3A240A77-C3DB-4ECF-B509-606E13E148A0}.Debug|Any CPU.ActiveCfg = Debug|Any CPU
		{3A240A77-C3DB-4ECF-B509-606E13E148A0}.Debug|Any CPU.Build.0 = Debug|Any CPU
		{3A240A77-C3DB-4ECF-B509-606E13E148A0}.Debug|arm64.ActiveCfg = Debug|Any CPU
		{3A240A77-C3DB-4ECF-B509-606E13E148A0}.Debug|arm64.Build.0 = Debug|Any CPU
		{3A240A77-C3DB-4ECF-B509-606E13E148A0}.Debug|x86.ActiveCfg = Debug|Any CPU
		{3A240A77-C3DB-4ECF-B509-606E13E148A0}.Debug|x86.Build.0 = Debug|Any CPU
		{3A240A77-C3DB-4ECF-B509-606E13E148A0}.Release|Any CPU.ActiveCfg = Release|Any CPU
		{3A240A77-C3DB-4ECF-B509-606E13E148A0}.Release|Any CPU.Build.0 = Release|Any CPU
		{3A240A77-C3DB-4ECF-B509-606E13E148A0}.Release|arm64.ActiveCfg = Release|Any CPU
		{3A240A77-C3DB-4ECF-B509-606E13E148A0}.Release|arm64.Build.0 = Release|Any CPU
		{3A240A77-C3DB-4ECF-B509-606E13E148A0}.Release|x86.ActiveCfg = Release|Any CPU
		{3A240A77-C3DB-4ECF-B509-606E13E148A0}.Release|x86.Build.0 = Release|Any CPU
	EndGlobalSection
	GlobalSection(SolutionProperties) = preSolution
		HideSolutionNode = FALSE
	EndGlobalSection
	GlobalSection(NestedProjects) = preSolution
		{47141638-2BFD-4CE9-B4B7-55D50C4E967B} = {F6916F4E-D20E-4BDE-93A9-BBAD0FD42775}
		{96B075C3-2F45-41D4-A3F8-7FA892A87BD0} = {F6916F4E-D20E-4BDE-93A9-BBAD0FD42775}
		{3A240A77-C3DB-4ECF-B509-606E13E148A0} = {F0020F1B-A9A1-4D98-9FA9-5371E0C4FB5A}
	EndGlobalSection
	GlobalSection(ExtensibilityGlobals) = postSolution
		SolutionGuid = {B2299592-86AA-4454-B607-D49B00D96B73}
	EndGlobalSection
EndGlobal
